
Microsoft Visual Studio Solution File, Format Version 12.00
# Visual Studio Version 16
VisualStudioVersion = 16.0.30907.101
MinimumVisualStudioVersion = 10.0.40219.1
Project("{FAE04EC0-301F-11D3-BF4B-00C04F79EFBC}") = "MummyTeam", "MummyTeam.csproj", "{DD7FB330-B661-436F-89C2-99E9DCE9C5D3}"
EndProject
Global
	GlobalSection(SolutionConfigurationPlatforms) = preSolution
		Debug|Any CPU = Debug|Any CPU
		Release|Any CPU = Release|Any CPU
	EndGlobalSection
	GlobalSection(ProjectConfigurationPlatforms) = postSolution
		{DD7FB330-B661-436F-89C2-99E9DCE9C5D3}.Debug|Any CPU.ActiveCfg = Debug|Any CPU
		{DD7FB330-B661-436F-89C2-99E9DCE9C5D3}.Debug|Any CPU.Build.0 = Debug|Any CPU
		{DD7FB330-B661-436F-89C2-99E9DCE9C5D3}.Release|Any CPU.ActiveCfg = Release|Any CPU
		{DD7FB330-B661-436F-89C2-99E9DCE9C5D3}.Release|Any CPU.Build.0 = Release|Any CPU
	EndGlobalSection
	GlobalSection(SolutionProperties) = preSolution
		HideSolutionNode = FALSE
	EndGlobalSection
	GlobalSection(ExtensibilityGlobals) = postSolution
		SolutionGuid = {AC78B807-B0CA-44F0-9457-8540AEFFA24E}
	EndGlobalSection
EndGlobal
